
Microsoft Visual Studio Solution File, Format Version 12.00
# Visual Studio Version 17
VisualStudioVersion = 17.0.31912.275
MinimumVisualStudioVersion = 10.0.40219.1
Project("{FAE04EC0-301F-11D3-BF4B-00C04F79EFBC}") = "Ternary2s", "Ternary2s\Ternary2s.csproj", "{6DC3483E-3713-4710-AB5C-27A61C90D7E1}"
EndProject
Project("{FAE04EC0-301F-11D3-BF4B-00C04F79EFBC}") = "ISBN", "ISBN\ISBN.csproj", "{4C160402-C627-46A4-83F4-2CA1B914CE9C}"
EndProject
Global
	GlobalSection(SolutionConfigurationPlatforms) = preSolution
		Debug|Any CPU = Debug|Any CPU
		Release|Any CPU = Release|Any CPU
	EndGlobalSection
	GlobalSection(ProjectConfigurationPlatforms) = postSolution
		{6DC3483E-3713-4710-AB5C-27A61C90D7E1}.Debug|Any CPU.ActiveCfg = Debug|Any CPU
		{6DC3483E-3713-4710-AB5C-27A61C90D7E1}.Debug|Any CPU.Build.0 = Debug|Any CPU
		{6DC3483E-3713-4710-AB5C-27A61C90D7E1}.Release|Any CPU.ActiveCfg = Release|Any CPU
		{6DC3483E-3713-4710-AB5C-27A61C90D7E1}.Release|Any CPU.Build.0 = Release|Any CPU
		{4C160402-C627-46A4-83F4-2CA1B914CE9C}.Debug|Any CPU.ActiveCfg = Debug|Any CPU
		{4C160402-C627-46A4-83F4-2CA1B914CE9C}.Debug|Any CPU.Build.0 = Debug|Any CPU
		{4C160402-C627-46A4-83F4-2CA1B914CE9C}.Release|Any CPU.ActiveCfg = Release|Any CPU
		{4C160402-C627-46A4-83F4-2CA1B914CE9C}.Release|Any CPU.Build.0 = Release|Any CPU
	EndGlobalSection
	GlobalSection(SolutionProperties) = preSolution
		HideSolutionNode = FALSE
	EndGlobalSection
	GlobalSection(ExtensibilityGlobals) = postSolution
		SolutionGuid = {794CE914-645C-41EF-94F0-05A627364A9A}
	EndGlobalSection
EndGlobal
